PODS:
  - Cosmos (23.0.0)
  - Realm (10.17.0):
    - Realm/Headers (= 10.17.0)
  - Realm/Headers (10.17.0)
  - RealmSwift (10.17.0):
    - Realm (= 10.17.0)

DEPENDENCIES:
  - Cosmos (~> 23.0)
  - RealmSwift (~> 10)

SPEC REPOS:
  trunk:
    - Cosmos
    - Realm
    - RealmSwift

SPEC CHECKSUMS:
  Cosmos: b5c6a9a637e28a061b54c8f8b1d8529d7d4db73f
  Realm: 9533276bd76f66aa2fd0d3ffe700c1f6023dcab6
  RealmSwift: 57f5d59aa29852587aad1e861989e7af139894b5

PODFILE CHECKSUM: 3bab8944449c07e0afcaefa82d1db33a9a5c9013

COCOAPODS: 1.10.2
