// !$*UTF8*$!
{
	archiveVersion = 1;
	classes = {
	};
	objectVersion = 51;
	objects = {

/* Begin PBXBuildFile section */
		450A9CFE270E2E1C0056AFC0 /* MainVC.swift in Sources */ = {isa = PBXBuildFile; fileRef = 450A9CFD270E2E1C0056AFC0 /* MainVC.swift */; };
		450A9D00270E48450056AFC0 /* CustomTVCell.swift in Sources */ = {isa = PBXBuildFile; fileRef = 450A9CFF270E48450056AFC0 /* CustomTVCell.swift */; };
		45300DB8271065B20072D919 /* StorageManager.swift in Sources */ = {isa = PBXBuildFile; fileRef = 45300DB7271065B20072D919 /* StorageManager.swift */; };
		4531CCCF270EFCAD00A09BAE /* PlaceModel.swift in Sources */ = {isa = PBXBuildFile; fileRef = 4531CCCE270EFCAD00A09BAE /* PlaceModel.swift */; };
		45AA1CB2270F4C1A00412263 /* NewPlaceTVC.swift in Sources */ = {isa = PBXBuildFile; fileRef = 45AA1CB1270F4C1A00412263 /* NewPlaceTVC.swift */; };
		45DAC878270DFB0E00B63945 /* AppDelegate.swift in Sources */ = {isa = PBXBuildFile; fileRef = 45DAC877270DFB0E00B63945 /* AppDelegate.swift */; };
		45DAC87A270DFB0E00B63945 /* SceneDelegate.swift in Sources */ = {isa = PBXBuildFile; fileRef = 45DAC879270DFB0E00B63945 /* SceneDelegate.swift */; };
		45DAC87F270DFB0E00B63945 /* Main.storyboard in Resources */ = {isa = PBXBuildFile; fileRef = 45DAC87D270DFB0E00B63945 /* Main.storyboard */; };
		45DAC881270DFB1000B63945 /* Assets.xcassets in Resources */ = {isa = PBXBuildFile; fileRef = 45DAC880270DFB1000B63945 /* Assets.xcassets */; };
		45DAC884270DFB1000B63945 /* LaunchScreen.storyboard in Resources */ = {isa = PBXBuildFile; fileRef = 45DAC882270DFB1000B63945 /* LaunchScreen.storyboard */; };
		BD4AD8DF0EFCE8C1F6BB98F6 /* Pods_MyPlaces.framework in Frameworks */ = {isa = PBXBuildFile; fileRef = BEC81F36293616669CC20597 /* Pods_MyPlaces.framework */; };
/* End PBXBuildFile section */

/* Begin PBXFileReference section */
		00F8BFFDD6263B7E81ABDA8C /* Pods-MyPlaces.release.xcconfig */ = {isa = PBXFileReference; includeInIndex = 1; lastKnownFileType = text.xcconfig; name = "Pods-MyPlaces.release.xcconfig"; path = "Target Support Files/Pods-MyPlaces/Pods-MyPlaces.release.xcconfig"; sourceTree = "<group>"; };
		450A9CFD270E2E1C0056AFC0 /* MainVC.swift */ = {isa = PBXFileReference; lastKnownFileType = sourcecode.swift; path = MainVC.swift; sourceTree = "<group>"; };
		450A9CFF270E48450056AFC0 /* CustomTVCell.swift */ = {isa = PBXFileReference; lastKnownFileType = sourcecode.swift; path = CustomTVCell.swift; sourceTree = "<group>"; };
		45300DB7271065B20072D919 /* StorageManager.swift */ = {isa = PBXFileReference; lastKnownFileType = sourcecode.swift; path = StorageManager.swift; sourceTree = "<group>"; };
		4531CCCE270EFCAD00A09BAE /* PlaceModel.swift */ = {isa = PBXFileReference; lastKnownFileType = sourcecode.swift; path = PlaceModel.swift; sourceTree = "<group>"; };
		45AA1CB1270F4C1A00412263 /* NewPlaceTVC.swift */ = {isa = PBXFileReference; lastKnownFileType = sourcecode.swift; path = NewPlaceTVC.swift; sourceTree = "<group>"; };
		45DAC874270DFB0E00B63945 /* MyPlaces.app */ = {isa = PBXFileReference; explicitFileType = wrapper.application; includeInIndex = 0; path = MyPlaces.app; sourceTree = BUILT_PRODUCTS_DIR; };
		45DAC877270DFB0E00B63945 /* AppDelegate.swift */ = {isa = PBXFileReference; lastKnownFileType = sourcecode.swift; path = AppDelegate.swift; sourceTree = "<group>"; };
		45DAC879270DFB0E00B63945 /* SceneDelegate.swift */ = {isa = PBXFileReference; lastKnownFileType = sourcecode.swift; path = SceneDelegate.swift; sourceTree = "<group>"; };
		45DAC87E270DFB0E00B63945 /* Base */ = {isa = PBXFileReference; lastKnownFileType = file.storyboard; name = Base; path = Base.lproj/Main.storyboard; sourceTree = "<group>"; };
		45DAC880270DFB1000B63945 /* Assets.xcassets */ = {isa = PBXFileReference; lastKnownFileType = folder.assetcatalog; path = Assets.xcassets; sourceTree = "<group>"; };
		45DAC883270DFB1000B63945 /* Base */ = {isa = PBXFileReference; lastKnownFileType = file.storyboard; name = Base; path = Base.lproj/LaunchScreen.storyboard; sourceTree = "<group>"; };
		45DAC885270DFB1000B63945 /* Info.plist */ = {isa = PBXFileReference; lastKnownFileType = text.plist.xml; path = Info.plist; sourceTree = "<group>"; };
		BEC81F36293616669CC20597 /* Pods_MyPlaces.framework */ = {isa = PBXFileReference; explicitFileType = wrapper.framework; includeInIndex = 0; path = Pods_MyPlaces.framework; sourceTree = BUILT_PRODUCTS_DIR; };
		EC1AA562821203A165CA767B /* Pods-MyPlaces.debug.xcconfig */ = {isa = PBXFileReference; includeInIndex = 1; lastKnownFileType = text.xcconfig; name = "Pods-MyPlaces.debug.xcconfig"; path = "Target Support Files/Pods-MyPlaces/Pods-MyPlaces.debug.xcconfig"; sourceTree = "<group>"; };
/* End PBXFileReference section */

/* Begin PBXFrameworksBuildPhase section */
		45DAC871270DFB0E00B63945 /* Frameworks */ = {
			isa = PBXFrameworksBuildPhase;
			buildActionMask = 2147483647;
			files = (
				BD4AD8DF0EFCE8C1F6BB98F6 /* Pods_MyPlaces.framework in Frameworks */,
			);
			runOnlyForDeploymentPostprocessing = 0;
		};
/* End PBXFrameworksBuildPhase section */

/* Begin PBXGroup section */
		45DAC86B270DFB0E00B63945 = {
			isa = PBXGroup;
			children = (
				45DAC876270DFB0E00B63945 /* MyPlaces */,
				45DAC875270DFB0E00B63945 /* Products */,
				7A04EBAA0F8FF8F24736BD51 /* Pods */,
				AA23CC5584ADEC5B91107782 /* Frameworks */,
			);
			sourceTree = "<group>";
		};
		45DAC875270DFB0E00B63945 /* Products */ = {
			isa = PBXGroup;
			children = (
				45DAC874270DFB0E00B63945 /* MyPlaces.app */,
			);
			name = Products;
			sourceTree = "<group>";
		};
		45DAC876270DFB0E00B63945 /* MyPlaces */ = {
			isa = PBXGroup;
			children = (
				45DAC877270DFB0E00B63945 /* AppDelegate.swift */,
				45DAC879270DFB0E00B63945 /* SceneDelegate.swift */,
				450A9CFD270E2E1C0056AFC0 /* MainVC.swift */,
				4531CCCE270EFCAD00A09BAE /* PlaceModel.swift */,
				45300DB7271065B20072D919 /* StorageManager.swift */,
				450A9CFF270E48450056AFC0 /* CustomTVCell.swift */,
				45AA1CB1270F4C1A00412263 /* NewPlaceTVC.swift */,
				45DAC87D270DFB0E00B63945 /* Main.storyboard */,
				45DAC882270DFB1000B63945 /* LaunchScreen.storyboard */,
				45DAC880270DFB1000B63945 /* Assets.xcassets */,
				45DAC885270DFB1000B63945 /* Info.plist */,
			);
			path = MyPlaces;
			sourceTree = "<group>";
		};
		7A04EBAA0F8FF8F24736BD51 /* Pods */ = {
			isa = PBXGroup;
			children = (
				EC1AA562821203A165CA767B /* Pods-MyPlaces.debug.xcconfig */,
				00F8BFFDD6263B7E81ABDA8C /* Pods-MyPlaces.release.xcconfig */,
			);
			path = Pods;
			sourceTree = "<group>";
		};
		AA23CC5584ADEC5B91107782 /* Frameworks */ = {
			isa = PBXGroup;
			children = (
				BEC81F36293616669CC20597 /* Pods_MyPlaces.framework */,
			);
			name = Frameworks;
			sourceTree = "<group>";
		};
/* End PBXGroup section */

/* Begin PBXNativeTarget section */
		45DAC873270DFB0E00B63945 /* MyPlaces */ = {
			isa = PBXNativeTarget;
			buildConfigurationList = 45DAC888270DFB1000B63945 /* Build configuration list for PBXNativeTarget "MyPlaces" */;
			buildPhases = (
				E3E8F6AE34B2C6CEE554F0AC /* [CP] Check Pods Manifest.lock */,
				45DAC870270DFB0E00B63945 /* Sources */,
				45DAC871270DFB0E00B63945 /* Frameworks */,
				45DAC872270DFB0E00B63945 /* Resources */,
				B0A7F61AC2C03EF2A77C6908 /* [CP] Embed Pods Frameworks */,
			);
			buildRules = (
			);
			dependencies = (
			);
			name = MyPlaces;
			productName = MyPlaces;
			productReference = 45DAC874270DFB0E00B63945 /* MyPlaces.app */;
			productType = "com.apple.product-type.application";
		};
/* End PBXNativeTarget section */

/* Begin PBXProject section */
		45DAC86C270DFB0E00B63945 /* Project object */ = {
			isa = PBXProject;
			attributes = {
				LastSwiftUpdateCheck = 1250;
				LastUpgradeCheck = 1250;
				TargetAttributes = {
					45DAC873270DFB0E00B63945 = {
						CreatedOnToolsVersion = 12.5.1;
					};
				};
			};
			buildConfigurationList = 45DAC86F270DFB0E00B63945 /* Build configuration list for PBXProject "MyPlaces" */;
			compatibilityVersion = "Xcode 9.3";
			developmentRegion = en;
			hasScannedForEncodings = 0;
			knownRegions = (
				en,
				Base,
			);
			mainGroup = 45DAC86B270DFB0E00B63945;
			productRefGroup = 45DAC875270DFB0E00B63945 /* Products */;
			projectDirPath = "";
			projectRoot = "";
			targets = (
				45DAC873270DFB0E00B63945 /* MyPlaces */,
			);
		};
/* End PBXProject section */

/* Begin PBXResourcesBuildPhase section */
		45DAC872270DFB0E00B63945 /* Resources */ = {
			isa = PBXResourcesBuildPhase;
			buildActionMask = 2147483647;
			files = (
				45DAC884270DFB1000B63945 /* LaunchScreen.storyboard in Resources */,
				45DAC881270DFB1000B63945 /* Assets.xcassets in Resources */,
				45DAC87F270DFB0E00B63945 /* Main.storyboard in Resources */,
			);
			runOnlyForDeploymentPostprocessing = 0;
		};
/* End PBXResourcesBuildPhase section */

/* Begin PBXShellScriptBuildPhase section */
		B0A7F61AC2C03EF2A77C6908 /* [CP] Embed Pods Frameworks */ = {
			isa = PBXShellScriptBuildPhase;
			buildActionMask = 2147483647;
			files = (
			);
			inputFileListPaths = (
				"${PODS_ROOT}/Target Support Files/Pods-MyPlaces/Pods-MyPlaces-frameworks-${CONFIGURATION}-input-files.xcfilelist",
			);
			name = "[CP] Embed Pods Frameworks";
			outputFileListPaths = (
				"${PODS_ROOT}/Target Support Files/Pods-MyPlaces/Pods-MyPlaces-frameworks-${CONFIGURATION}-output-files.xcfilelist",
			);
			runOnlyForDeploymentPostprocessing = 0;
			shellPath = /bin/sh;
			shellScript = "\"${PODS_ROOT}/Target Support Files/Pods-MyPlaces/Pods-MyPlaces-frameworks.sh\"\n";
			showEnvVarsInLog = 0;
		};
		E3E8F6AE34B2C6CEE554F0AC /* [CP] Check Pods Manifest.lock */ = {
			isa = PBXShellScriptBuildPhase;
			buildActionMask = 2147483647;
			files = (
			);
			inputFileListPaths = (
			);
			inputPaths = (
				"${PODS_PODFILE_DIR_PATH}/Podfile.lock",
				"${PODS_ROOT}/Manifest.lock",
			);
			name = "[CP] Check Pods Manifest.lock";
			outputFileListPaths = (
			);
			outputPaths = (
				"$(DERIVED_FILE_DIR)/Pods-MyPlaces-checkManifestLockResult.txt",
			);
			runOnlyForDeploymentPostprocessing = 0;
			shellPath = /bin/sh;
			shellScript = "diff \"${PODS_PODFILE_DIR_PATH}/Podfile.lock\" \"${PODS_ROOT}/Manifest.lock\" > /dev/null\nif [ $? != 0 ] ; then\n    # print error to STDERR\n    echo \"error: The sandbox is not in sync with the Podfile.lock. Run 'pod install' or update your CocoaPods installation.\" >&2\n    exit 1\nfi\n# This output is used by Xcode 'outputs' to avoid re-running this script phase.\necho \"SUCCESS\" > \"${SCRIPT_OUTPUT_FILE_0}\"\n";
			showEnvVarsInLog = 0;
		};
/* End PBXShellScriptBuildPhase section */

/* Begin PBXSourcesBuildPhase section */
		45DAC870270DFB0E00B63945 /* Sources */ = {
			isa = PBXSourcesBuildPhase;
			buildActionMask = 2147483647;
			files = (
				450A9CFE270E2E1C0056AFC0 /* MainVC.swift in Sources */,
				45DAC878270DFB0E00B63945 /* AppDelegate.swift in Sources */,
				4531CCCF270EFCAD00A09BAE /* PlaceModel.swift in Sources */,
				45300DB8271065B20072D919 /* StorageManager.swift in Sources */,
				450A9D00270E48450056AFC0 /* CustomTVCell.swift in Sources */,
				45AA1CB2270F4C1A00412263 /* NewPlaceTVC.swift in Sources */,
				45DAC87A270DFB0E00B63945 /* SceneDelegate.swift in Sources */,
			);
			runOnlyForDeploymentPostprocessing = 0;
		};
/* End PBXSourcesBuildPhase section */

/* Begin PBXVariantGroup section */
		45DAC87D270DFB0E00B63945 /* Main.storyboard */ = {
			isa = PBXVariantGroup;
			children = (
				45DAC87E270DFB0E00B63945 /* Base */,
			);
			name = Main.storyboard;
			sourceTree = "<group>";
		};
		45DAC882270DFB1000B63945 /* LaunchScreen.storyboard */ = {
			isa = PBXVariantGroup;
			children = (
				45DAC883270DFB1000B63945 /* Base */,
			);
			name = LaunchScreen.storyboard;
			sourceTree = "<group>";
		};
/* End PBXVariantGroup section */

/* Begin XCBuildConfiguration section */
		45DAC886270DFB1000B63945 /* Debug */ = {
			isa = XCBuildConfiguration;
			buildSettings = {
				ALWAYS_SEARCH_USER_PATHS = NO;
				CLANG_ANALYZER_NONNULL = YES;
				CLANG_ANALYZER_NUMBER_OBJECT_CONVERSION = YES_AGGRESSIVE;
				CLANG_CXX_LANGUAGE_STANDARD = "gnu++14";
				CLANG_CXX_LIBRARY = "libc++";
				CLANG_ENABLE_MODULES = YES;
				CLANG_ENABLE_OBJC_ARC = YES;
				CLANG_ENABLE_OBJC_WEAK = YES;
				CLANG_WARN_BLOCK_CAPTURE_AUTORELEASING = YES;
				CLANG_WARN_BOOL_CONVERSION = YES;
				CLANG_WARN_COMMA = YES;
				CLANG_WARN_CONSTANT_CONVERSION = YES;
				CLANG_WARN_DEPRECATED_OBJC_IMPLEMENTATIONS = YES;
				CLANG_WARN_DIRECT_OBJC_ISA_USAGE = YES_ERROR;
				CLANG_WARN_DOCUMENTATION_COMMENTS = YES;
				CLANG_WARN_EMPTY_BODY = YES;
				CLANG_WARN_ENUM_CONVERSION = YES;
				CLANG_WARN_INFINITE_RECURSION = YES;
				CLANG_WARN_INT_CONVERSION = YES;
				CLANG_WARN_NON_LITERAL_NULL_CONVERSION = YES;
				CLANG_WARN_OBJC_IMPLICIT_RETAIN_SELF = YES;
				CLANG_WARN_OBJC_LITERAL_CONVERSION = YES;
				CLANG_WARN_OBJC_ROOT_CLASS = YES_ERROR;
				CLANG_WARN_QUOTED_INCLUDE_IN_FRAMEWORK_HEADER = YES;
				CLANG_WARN_RANGE_LOOP_ANALYSIS = YES;
				CLANG_WARN_STRICT_PROTOTYPES = YES;
				CLANG_WARN_SUSPICIOUS_MOVE = YES;
				CLANG_WARN_UNGUARDED_AVAILABILITY = YES_AGGRESSIVE;
				CLANG_WARN_UNREACHABLE_CODE = YES;
				CLANG_WARN__DUPLICATE_METHOD_MATCH = YES;
				COPY_PHASE_STRIP = NO;
				DEBUG_INFORMATION_FORMAT = dwarf;
				ENABLE_STRICT_OBJC_MSGSEND = YES;
				ENABLE_TESTABILITY = YES;
				GCC_C_LANGUAGE_STANDARD = gnu11;
				GCC_DYNAMIC_NO_PIC = NO;
				GCC_NO_COMMON_BLOCKS = YES;
				GCC_OPTIMIZATION_LEVEL = 0;
				GCC_PREPROCESSOR_DEFINITIONS = (
					"DEBUG=1",
					"$(inherited)",
				);
				GCC_WARN_64_TO_32_BIT_CONVERSION = YES;
				GCC_WARN_ABOUT_RETURN_TYPE = YES_ERROR;
				GCC_WARN_UNDECLARED_SELECTOR = YES;
				GCC_WARN_UNINITIALIZED_AUTOS = YES_AGGRESSIVE;
				GCC_WARN_UNUSED_FUNCTION = YES;
				GCC_WARN_UNUSED_VARIABLE = YES;
				IPHONEOS_DEPLOYMENT_TARGET = 14.5;
				MTL_ENABLE_DEBUG_INFO = INCLUDE_SOURCE;
				MTL_FAST_MATH = YES;
				ONLY_ACTIVE_ARCH = YES;
				SDKROOT = iphoneos;
				SWIFT_ACTIVE_COMPILATION_CONDITIONS = DEBUG;
				SWIFT_OPTIMIZATION_LEVEL = "-Onone";
			};
			name = Debug;
		};
		45DAC887270DFB1000B63945 /* Release */ = {
			isa = XCBuildConfiguration;
			buildSettings = {
				ALWAYS_SEARCH_USER_PATHS = NO;
				CLANG_ANALYZER_NONNULL = YES;
				CLANG_ANALYZER_NUMBER_OBJECT_CONVERSION = YES_AGGRESSIVE;
				CLANG_CXX_LANGUAGE_STANDARD = "gnu++14";
				CLANG_CXX_LIBRARY = "libc++";
				CLANG_ENABLE_MODULES = YES;
				CLANG_ENABLE_OBJC_ARC = YES;
				CLANG_ENABLE_OBJC_WEAK = YES;
				CLANG_WARN_BLOCK_CAPTURE_AUTORELEASING = YES;
				CLANG_WARN_BOOL_CONVERSION = YES;
				CLANG_WARN_COMMA = YES;
				CLANG_WARN_CONSTANT_CONVERSION = YES;
				CLANG_WARN_DEPRECATED_OBJC_IMPLEMENTATIONS = YES;
				CLANG_WARN_DIRECT_OBJC_ISA_USAGE = YES_ERROR;
				CLANG_WARN_DOCUMENTATION_COMMENTS = YES;
				CLANG_WARN_EMPTY_BODY = YES;
				CLANG_WARN_ENUM_CONVERSION = YES;
				CLANG_WARN_INFINITE_RECURSION = YES;
				CLANG_WARN_INT_CONVERSION = YES;
				CLANG_WARN_NON_LITERAL_NULL_CONVERSION = YES;
				CLANG_WARN_OBJC_IMPLICIT_RETAIN_SELF = YES;
				CLANG_WARN_OBJC_LITERAL_CONVERSION = YES;
				CLANG_WARN_OBJC_ROOT_CLASS = YES_ERROR;
				CLANG_WARN_QUOTED_INCLUDE_IN_FRAMEWORK_HEADER = YES;
				CLANG_WARN_RANGE_LOOP_ANALYSIS = YES;
				CLANG_WARN_STRICT_PROTOTYPES = YES;
				CLANG_WARN_SUSPICIOUS_MOVE = YES;
				CLANG_WARN_UNGUARDED_AVAILABILITY = YES_AGGRESSIVE;
				CLANG_WARN_UNREACHABLE_CODE = YES;
				CLANG_WARN__DUPLICATE_METHOD_MATCH = YES;
				COPY_PHASE_STRIP = NO;
				DEBUG_INFORMATION_FORMAT = "dwarf-with-dsym";
				ENABLE_NS_ASSERTIONS = NO;
				ENABLE_STRICT_OBJC_MSGSEND = YES;
				GCC_C_LANGUAGE_STANDARD = gnu11;
				GCC_NO_COMMON_BLOCKS = YES;
				GCC_WARN_64_TO_32_BIT_CONVERSION = YES;
				GCC_WARN_ABOUT_RETURN_TYPE = YES_ERROR;
				GCC_WARN_UNDECLARED_SELECTOR = YES;
				GCC_WARN_UNINITIALIZED_AUTOS = YES_AGGRESSIVE;
				GCC_WARN_UNUSED_FUNCTION = YES;
				GCC_WARN_UNUSED_VARIABLE = YES;
				IPHONEOS_DEPLOYMENT_TARGET = 14.5;
				MTL_ENABLE_DEBUG_INFO = NO;
				MTL_FAST_MATH = YES;
				SDKROOT = iphoneos;
				SWIFT_COMPILATION_MODE = wholemodule;
				SWIFT_OPTIMIZATION_LEVEL = "-O";
				VALIDATE_PRODUCT = YES;
			};
			name = Release;
		};
		45DAC889270DFB1000B63945 /* Debug */ = {
			isa = XCBuildConfiguration;
			baseConfigurationReference = EC1AA562821203A165CA767B /* Pods-MyPlaces.debug.xcconfig */;
			buildSettings = {
				ASSETCATALOG_COMPILER_APPICON_NAME = AppIcon;
				ASSETCATALOG_COMPILER_GLOBAL_ACCENT_COLOR_NAME = AccentColor;
				CODE_SIGN_STYLE = Automatic;
				DEVELOPMENT_TEAM = 88GGD7677D;
				INFOPLIST_FILE = MyPlaces/Info.plist;
				LD_RUNPATH_SEARCH_PATHS = (
					"$(inherited)",
					"@executable_path/Frameworks",
				);
				PRODUCT_BUNDLE_IDENTIFIER = com.borisbolsh.MyPlaces;
				PRODUCT_NAME = "$(TARGET_NAME)";
				SWIFT_VERSION = 5.0;
				TARGETED_DEVICE_FAMILY = "1,2";
			};
			name = Debug;
		};
		45DAC88A270DFB1000B63945 /* Release */ = {
			isa = XCBuildConfiguration;
			baseConfigurationReference = 00F8BFFDD6263B7E81ABDA8C /* Pods-MyPlaces.release.xcconfig */;
			buildSettings = {
				ASSETCATALOG_COMPILER_APPICON_NAME = AppIcon;
				ASSETCATALOG_COMPILER_GLOBAL_ACCENT_COLOR_NAME = AccentColor;
				CODE_SIGN_STYLE = Automatic;
				DEVELOPMENT_TEAM = 88GGD7677D;
				INFOPLIST_FILE = MyPlaces/Info.plist;
				LD_RUNPATH_SEARCH_PATHS = (
					"$(inherited)",
					"@executable_path/Frameworks",
				);
				PRODUCT_BUNDLE_IDENTIFIER = com.borisbolsh.MyPlaces;
				PRODUCT_NAME = "$(TARGET_NAME)";
				SWIFT_VERSION = 5.0;
				TARGETED_DEVICE_FAMILY = "1,2";
			};
			name = Release;
		};
/* End XCBuildConfiguration section */

/* Begin XCConfigurationList section */
		45DAC86F270DFB0E00B63945 /* Build configuration list for PBXProject "MyPlaces" */ = {
			isa = XCConfigurationList;
			buildConfigurations = (
				45DAC886270DFB1000B63945 /* Debug */,
				45DAC887270DFB1000B63945 /* Release */,
			);
			defaultConfigurationIsVisible = 0;
			defaultConfigurationName = Release;
		};
		45DAC888270DFB1000B63945 /* Build configuration list for PBXNativeTarget "MyPlaces" */ = {
			isa = XCConfigurationList;
			buildConfigurations = (
				45DAC889270DFB1000B63945 /* Debug */,
				45DAC88A270DFB1000B63945 /* Release */,
			);
			defaultConfigurationIsVisible = 0;
			defaultConfigurationName = Release;
		};
/* End XCConfigurationList section */
	};
	rootObject = 45DAC86C270DFB0E00B63945 /* Project object */;
}
